<Solution>
    <Configurations>
        <BuildType Name="Debug" />
        <BuildType Name="Release" />
        <BuildType Name="ReleaseNoUpdate" />
        <Platform Name="Any CPU" />
        <Platform Name="x64" />
        <Platform Name="x86" />
    </Configurations>
    <Project Path="XIVLauncher.Account/XIVLauncher.Account.csproj">
        <BuildType Solution="ReleaseNoUpdate|Any CPU" Project="Debug" />
        <BuildType Solution="ReleaseNoUpdate|x64" Project="Release" />
        <BuildType Solution="ReleaseNoUpdate|x86" Project="Release" />
    </Project>
    <Project Path="XIVLauncher.Common.Http/XIVLauncher.Common.Http.csproj">
        <BuildType Solution="ReleaseNoUpdate|Any CPU" Project="Debug" />
        <BuildType Solution="ReleaseNoUpdate|x64" Project="Release" />
        <BuildType Solution="ReleaseNoUpdate|x86" Project="Release" />
    </Project>
    <Project Path="XIVLauncher.CompanionApp/XIVLauncher.CompanionApp.csproj">
        <BuildType Solution="ReleaseNoUpdate|Any CPU" Project="Debug" />
        <BuildType Solution="ReleaseNoUpdate|x64" Project="Release" />
        <BuildType Solution="ReleaseNoUpdate|x86" Project="Release" />
    </Project>
    <Project Path="XIVLauncher.Common/XIVLauncher.Common.csproj">
        <BuildType Solution="ReleaseNoUpdate|Any CPU" Project="Debug" />
        <BuildType Solution="ReleaseNoUpdate|x64" Project="Release" />
        <BuildType Solution="ReleaseNoUpdate|x86" Project="Release" />
    </Project>
    <Project Path="XIVLauncher.DCTravel/XIVLauncher.DCTravel.csproj">
        <BuildType Solution="ReleaseNoUpdate|Any CPU" Project="Debug" />
        <BuildType Solution="ReleaseNoUpdate|x64" Project="Release" />
        <BuildType Solution="ReleaseNoUpdate|x86" Project="Release" />
    </Project>
    <Project Path="XIVLauncher.Dalamud/XIVLauncher.Dalamud.csproj">
        <BuildType Solution="ReleaseNoUpdate|Any CPU" Project="Debug" />
        <BuildType Solution="ReleaseNoUpdate|x64" Project="Release" />
        <BuildType Solution="ReleaseNoUpdate|x86" Project="Release" />
    </Project>
    <Project Path="XIVLauncher.GamePatchV3/XIVLauncher.GamePatchV3.csproj">
        <BuildType Solution="ReleaseNoUpdate|Any CPU" Project="Debug" />
        <BuildType Solution="ReleaseNoUpdate|x64" Project="Release" />
        <BuildType Solution="ReleaseNoUpdate|x86" Project="Release" />
    </Project>
    <Project Path="XIVLauncher.Login/XIVLauncher.Login.csproj">
        <BuildType Solution="ReleaseNoUpdate|Any CPU" Project="Debug" />
        <BuildType Solution="ReleaseNoUpdate|x64" Project="Release" />
        <BuildType Solution="ReleaseNoUpdate|x86" Project="Release" />
    </Project>
    <Project Path="XIVLauncher.VcdiffShim/XIVLauncher.VcdiffShim.csproj">
        <BuildType Solution="ReleaseNoUpdate|*" Project="Release" />
    </Project>
    <Project Path="XIVLauncher/XIVLauncher.csproj">
        <BuildType Solution="ReleaseNoUpdate|Any CPU" Project="Debug" />
        <BuildType Solution="ReleaseNoUpdate|x64" Project="Release" />
        <BuildType Solution="ReleaseNoUpdate|x86" Project="Release" />
    </Project>
    <Project Path="XIVLauncher.Test/XIVLauncher.Test.csproj" />
</Solution>
